{
  "name": "multinexo-dev",
  "version": "0.0.0",
  "lockfileVersion": 1,
  "requires": true,
  "dependencies": {
    "@reyesoft/dev-docs-base": {
      "version": "0.0.6",
      "resolved": "https://registry.npmjs.org/@reyesoft/dev-docs-base/-/dev-docs-base-0.0.6.tgz",
      "integrity": "sha512-1RzXImbcUm5QV5u03Wu9etHa9toFbRvDiPZhw1enYRxITpWi0Po19Dh8QzbkYeETK71SzOTzw+S5b4TrrwCx+Q=="
    }
  }
}
