{
  "name": "saldo-dev",
  "version": "0.0.1",
  "lockfileVersion": 1,
  "requires": true,
  "dependencies": {
    "@reyesoft/dev-docs-base": {
      "version": "0.0.10",
      "resolved": "https://registry.npmjs.org/@reyesoft/dev-docs-base/-/dev-docs-base-0.0.10.tgz",
      "integrity": "sha512-OF+xuZzVeqNkfKZwPAzEsNk5E+8/VBYWcBs5c2XnmHEiR8cT7blfrA3nrU1SipNJ1S705T9KF/qpKmy3chJNQw=="
    }
  }
}
