# THIS IS AN AUTOGENERATED FILE. DO NOT EDIT THIS FILE DIRECTLY.
# yarn lockfile v1


"@reyesoft/dev-docs-base@0.0.8":
  version "0.0.8"
  resolved "https://registry.yarnpkg.com/@reyesoft/dev-docs-base/-/dev-docs-base-0.0.8.tgz#c04c02b0a43f93f2eab2f23f6123607877889f5b"
  integrity sha512-+qA2TH2+GunrwPwXfDF30022kpbFRsFa3yLfGutYKsaBykk1wy302F1WSQfBpqWpZXpoVSg83nFLGDtMjzNodw==
